{
  "object": {
    "pins": [
      {
        "package": "PickerGroup",
        "repositoryURL": "git@github.com:1amageek/PickerGroup.git",
        "state": {
          "branch": "main",
          "revision": "4f29f8dd6b45a00686a7127dc5c3818840564999",
          "version": null
        }
      },
      {
        "package": "RecurrenceRule",
        "repositoryURL": "git@github.com:1amageek/RecurrenceRule.git",
        "state": {
          "branch": "main",
          "revision": "93a4db8614e9d16cc15c989da31516b5622e9eaf",
          "version": null
        }
      }
    ]
  },
  "version": 1
}
