{
  "object": {
    "pins": [
      {
        "package": "PickerGroup",
        "repositoryURL": "git@github.com:1amageek/PickerGroup.git",
        "state": {
          "branch": "main",
          "revision": "4f29f8dd6b45a00686a7127dc5c3818840564999",
          "version": null
        }
      },
      {
        "package": "RecurrenceRule",
        "repositoryURL": "git@github.com:1amageek/RecurrenceRule.git",
        "state": {
          "branch": "main",
          "revision": "3eafafe286fbc2f0e6e071c363a35ea5347c7e98",
          "version": null
        }
      }
    ]
  },
  "version": 1
}
